PODS:
  - Alamofire (4.9.1)
  - CropViewController (2.5.2)
  - DKCamera (1.6.6)
  - DKImagePickerController (4.2.1):
    - DKImagePickerController/Camera (= 4.2.1)
    - DKImagePickerController/Core (= 4.2.1)
    - DKImagePickerController/ImageDataManager (= 4.2.1)
    - DKImagePickerController/InlineCamera (= 4.2.1)
    - DKImagePickerController/PhotoEditor (= 4.2.1)
    - DKImagePickerController/PhotoGallery (= 4.2.1)
    - DKImagePickerController/Resource (= 4.2.1)
  - DKImagePickerController/Camera (4.2.1):
    - DKCamera
    - DKImagePickerController/Core
  - DKImagePickerController/Core (4.2.1):
    - DKImagePickerController/ImageDataManager
    - DKImagePickerController/Resource
  - DKImagePickerController/ImageDataManager (4.2.1)
  - DKImagePickerController/InlineCamera (4.2.1):
    - DKCamera
    - DKImagePickerController/Core
  - DKImagePickerController/PhotoEditor (4.2.1):
    - CropViewController (~> 2.5)
    - DKImagePickerController/Core
  - DKImagePickerController/PhotoGallery (4.2.1):
    - DKImagePickerController/Core
    - DKPhotoGallery
  - DKImagePickerController/Resource (4.2.1)
  - DKPhotoGallery (0.0.14):
    - DKPhotoGallery/Core (= 0.0.14)
    - DKPhotoGallery/Model (= 0.0.14)
    - DKPhotoGallery/Preview (= 0.0.14)
    - DKPhotoGallery/Resource (= 0.0.14)
    - SDWebImage
    - SDWebImageFLPlugin
  - DKPhotoGallery/Core (0.0.14):
    - DKPhotoGallery/Model
    - DKPhotoGallery/Preview
    - SDWebImage
    - SDWebImageFLPlugin
  - DKPhotoGallery/Model (0.0.14):
    - SDWebImage
    - SDWebImageFLPlugin
  - DKPhotoGallery/Preview (0.0.14):
    - DKPhotoGallery/Model
    - DKPhotoGallery/Resource
    - SDWebImage
    - SDWebImageFLPlugin
  - DKPhotoGallery/Resource (0.0.14):
    - SDWebImage
    - SDWebImageFLPlugin
  - FLAnimatedImage (1.0.12)
  - SDWebImage (5.3.2):
    - SDWebImage/Core (= 5.3.2)
  - SDWebImage/Core (5.3.2)
  - SDWebImageFLPlugin (0.3.0):
    - FLAnimatedImage (>= 1.0.11)
    - SDWebImage/Core (~> 5.0)

DEPENDENCIES:
  - Alamofire
  - DKImagePickerController

SPEC REPOS:
  trunk:
    - Alamofire
    - CropViewController
    - DKCamera
    - DKImagePickerController
    - DKPhotoGallery
    - FLAnimatedImage
    - SDWebImage
    - SDWebImageFLPlugin

SPEC CHECKSUMS:
  Alamofire: 85e8a02c69d6020a0d734f6054870d7ecb75cf18
  CropViewController: 1aac40093c5739e60d992b04724a55d12a689a4c
  DKCamera: d6fad4db4b25c00eefe6904e9c86a926034d0c62
  DKImagePickerController: faddfe5b1240ed5fa05b6001169e60ed9b5b2df7
  DKPhotoGallery: 0290d32343574f06eaa4c26f8f2f8a1035e916be
  FLAnimatedImage: 4a0b56255d9b05f18b6dd7ee06871be5d3b89e31
  SDWebImage: 6ac2eb96571bff96ecde31a987172c5934a0eb7d
  SDWebImageFLPlugin: cf3f4ae49f249dd785129346fd61bbc8433a88cf

PODFILE CHECKSUM: 27f99bbb88483ff26866b89358e261e095c7b488

COCOAPODS: 1.8.4
