// !$*UTF8*$!
{
	archiveVersion = 1;
	classes = {
	};
	objectVersion = 51;
	objects = {

/* Begin PBXBuildFile section */
		14151F2323924B6D005ED59E /* ChatCell.swift in Sources */ = {isa = PBXBuildFile; fileRef = 14151F2223924B6D005ED59E /* ChatCell.swift */; };
		14151F25239252B4005ED59E /* Content.swift in Sources */ = {isa = PBXBuildFile; fileRef = 14151F24239252B4005ED59E /* Content.swift */; };
		14151F2723925D89005ED59E /* NewViewController.swift in Sources */ = {isa = PBXBuildFile; fileRef = 14151F2623925D89005ED59E /* NewViewController.swift */; };
		149F4CCD238A363900F292C8 /* AppDelegate.swift in Sources */ = {isa = PBXBuildFile; fileRef = 149F4CCC238A363900F292C8 /* AppDelegate.swift */; };
		149F4CCF238A363900F292C8 /* SceneDelegate.swift in Sources */ = {isa = PBXBuildFile; fileRef = 149F4CCE238A363900F292C8 /* SceneDelegate.swift */; };
		149F4CD1238A363900F292C8 /* ViewController.swift in Sources */ = {isa = PBXBuildFile; fileRef = 149F4CD0238A363900F292C8 /* ViewController.swift */; };
		149F4CD4238A363900F292C8 /* Main.storyboard in Resources */ = {isa = PBXBuildFile; fileRef = 149F4CD2238A363900F292C8 /* Main.storyboard */; };
		149F4CD6238A363C00F292C8 /* Assets.xcassets in Resources */ = {isa = PBXBuildFile; fileRef = 149F4CD5238A363C00F292C8 /* Assets.xcassets */; };
		149F4CD9238A363C00F292C8 /* LaunchScreen.storyboard in Resources */ = {isa = PBXBuildFile; fileRef = 149F4CD7238A363C00F292C8 /* LaunchScreen.storyboard */; };
		A0B7CA167D90E7D25EAD9725 /* Pods_client.framework in Frameworks */ = {isa = PBXBuildFile; fileRef = 6ED79053A6A12FA00FDC3EF6 /* Pods_client.framework */; };
/* End PBXBuildFile section */

/* Begin PBXFileReference section */
		14151F2223924B6D005ED59E /* ChatCell.swift */ = {isa = PBXFileReference; lastKnownFileType = sourcecode.swift; path = ChatCell.swift; sourceTree = "<group>"; };
		14151F24239252B4005ED59E /* Content.swift */ = {isa = PBXFileReference; lastKnownFileType = sourcecode.swift; path = Content.swift; sourceTree = "<group>"; };
		14151F2623925D89005ED59E /* NewViewController.swift */ = {isa = PBXFileReference; lastKnownFileType = sourcecode.swift; path = NewViewController.swift; sourceTree = "<group>"; };
		149F4CC9238A363900F292C8 /* client.app */ = {isa = PBXFileReference; explicitFileType = wrapper.application; includeInIndex = 0; path = client.app; sourceTree = BUILT_PRODUCTS_DIR; };
		149F4CCC238A363900F292C8 /* AppDelegate.swift */ = {isa = PBXFileReference; lastKnownFileType = sourcecode.swift; path = AppDelegate.swift; sourceTree = "<group>"; };
		149F4CCE238A363900F292C8 /* SceneDelegate.swift */ = {isa = PBXFileReference; lastKnownFileType = sourcecode.swift; path = SceneDelegate.swift; sourceTree = "<group>"; };
		149F4CD0238A363900F292C8 /* ViewController.swift */ = {isa = PBXFileReference; lastKnownFileType = sourcecode.swift; path = ViewController.swift; sourceTree = "<group>"; };
		149F4CD3238A363900F292C8 /* Base */ = {isa = PBXFileReference; lastKnownFileType = file.storyboard; name = Base; path = Base.lproj/Main.storyboard; sourceTree = "<group>"; };
		149F4CD5238A363C00F292C8 /* Assets.xcassets */ = {isa = PBXFileReference; lastKnownFileType = folder.assetcatalog; path = Assets.xcassets; sourceTree = "<group>"; };
		149F4CD8238A363C00F292C8 /* Base */ = {isa = PBXFileReference; lastKnownFileType = file.storyboard; name = Base; path = Base.lproj/LaunchScreen.storyboard; sourceTree = "<group>"; };
		149F4CDA238A363C00F292C8 /* Info.plist */ = {isa = PBXFileReference; lastKnownFileType = text.plist.xml; path = Info.plist; sourceTree = "<group>"; };
		65899302D23FD97A1B49780E /* Pods-client.release.xcconfig */ = {isa = PBXFileReference; includeInIndex = 1; lastKnownFileType = text.xcconfig; name = "Pods-client.release.xcconfig"; path = "Target Support Files/Pods-client/Pods-client.release.xcconfig"; sourceTree = "<group>"; };
		6ED79053A6A12FA00FDC3EF6 /* Pods_client.framework */ = {isa = PBXFileReference; explicitFileType = wrapper.framework; includeInIndex = 0; path = Pods_client.framework; sourceTree = BUILT_PRODUCTS_DIR; };
		70C5176E3FC74B13D35051AE /* Pods-client.debug.xcconfig */ = {isa = PBXFileReference; includeInIndex = 1; lastKnownFileType = text.xcconfig; name = "Pods-client.debug.xcconfig"; path = "Target Support Files/Pods-client/Pods-client.debug.xcconfig"; sourceTree = "<group>"; };
/* End PBXFileReference section */

/* Begin PBXFrameworksBuildPhase section */
		149F4CC6238A363900F292C8 /* Frameworks */ = {
			isa = PBXFrameworksBuildPhase;
			buildActionMask = 2147483647;
			files = (
				A0B7CA167D90E7D25EAD9725 /* Pods_client.framework in Frameworks */,
			);
			runOnlyForDeploymentPostprocessing = 0;
		};
/* End PBXFrameworksBuildPhase section */

/* Begin PBXGroup section */
		149F4CC0238A363900F292C8 = {
			isa = PBXGroup;
			children = (
				149F4CCB238A363900F292C8 /* client */,
				149F4CCA238A363900F292C8 /* Products */,
				2A44056359B07EB3C6B95648 /* Pods */,
				AAF5A1947C6C92C4D04B5FF1 /* Frameworks */,
			);
			sourceTree = "<group>";
		};
		149F4CCA238A363900F292C8 /* Products */ = {
			isa = PBXGroup;
			children = (
				149F4CC9238A363900F292C8 /* client.app */,
			);
			name = Products;
			sourceTree = "<group>";
		};
		149F4CCB238A363900F292C8 /* client */ = {
			isa = PBXGroup;
			children = (
				149F4CCC238A363900F292C8 /* AppDelegate.swift */,
				149F4CCE238A363900F292C8 /* SceneDelegate.swift */,
				149F4CD0238A363900F292C8 /* ViewController.swift */,
				149F4CD2238A363900F292C8 /* Main.storyboard */,
				14151F2623925D89005ED59E /* NewViewController.swift */,
				14151F24239252B4005ED59E /* Content.swift */,
				14151F2223924B6D005ED59E /* ChatCell.swift */,
				149F4CD5238A363C00F292C8 /* Assets.xcassets */,
				149F4CD7238A363C00F292C8 /* LaunchScreen.storyboard */,
				149F4CDA238A363C00F292C8 /* Info.plist */,
			);
			path = client;
			sourceTree = "<group>";
		};
		2A44056359B07EB3C6B95648 /* Pods */ = {
			isa = PBXGroup;
			children = (
				70C5176E3FC74B13D35051AE /* Pods-client.debug.xcconfig */,
				65899302D23FD97A1B49780E /* Pods-client.release.xcconfig */,
			);
			path = Pods;
			sourceTree = "<group>";
		};
		AAF5A1947C6C92C4D04B5FF1 /* Frameworks */ = {
			isa = PBXGroup;
			children = (
				6ED79053A6A12FA00FDC3EF6 /* Pods_client.framework */,
			);
			name = Frameworks;
			sourceTree = "<group>";
		};
/* End PBXGroup section */

/* Begin PBXNativeTarget section */
		149F4CC8238A363900F292C8 /* client */ = {
			isa = PBXNativeTarget;
			buildConfigurationList = 149F4CDD238A363C00F292C8 /* Build configuration list for PBXNativeTarget "client" */;
			buildPhases = (
				73D1DA8397B5096D79DDF083 /* [CP] Check Pods Manifest.lock */,
				149F4CC5238A363900F292C8 /* Sources */,
				149F4CC6238A363900F292C8 /* Frameworks */,
				149F4CC7238A363900F292C8 /* Resources */,
				F66E17DA9AB98902604B2AE8 /* [CP] Embed Pods Frameworks */,
			);
			buildRules = (
			);
			dependencies = (
			);
			name = client;
			productName = client;
			productReference = 149F4CC9238A363900F292C8 /* client.app */;
			productType = "com.apple.product-type.application";
		};
/* End PBXNativeTarget section */

/* Begin PBXProject section */
		149F4CC1238A363900F292C8 /* Project object */ = {
			isa = PBXProject;
			attributes = {
				LastSwiftUpdateCheck = 1100;
				LastUpgradeCheck = 1100;
				ORGANIZATIONNAME = QuanNguyen;
				TargetAttributes = {
					149F4CC8238A363900F292C8 = {
						CreatedOnToolsVersion = 11.0;
					};
				};
			};
			buildConfigurationList = 149F4CC4238A363900F292C8 /* Build configuration list for PBXProject "client" */;
			compatibilityVersion = "Xcode 9.3";
			developmentRegion = en;
			hasScannedForEncodings = 0;
			knownRegions = (
				en,
				Base,
			);
			mainGroup = 149F4CC0238A363900F292C8;
			productRefGroup = 149F4CCA238A363900F292C8 /* Products */;
			projectDirPath = "";
			projectRoot = "";
			targets = (
				149F4CC8238A363900F292C8 /* client */,
			);
		};
/* End PBXProject section */

/* Begin PBXResourcesBuildPhase section */
		149F4CC7238A363900F292C8 /* Resources */ = {
			isa = PBXResourcesBuildPhase;
			buildActionMask = 2147483647;
			files = (
				149F4CD9238A363C00F292C8 /* LaunchScreen.storyboard in Resources */,
				149F4CD6238A363C00F292C8 /* Assets.xcassets in Resources */,
				149F4CD4238A363900F292C8 /* Main.storyboard in Resources */,
			);
			runOnlyForDeploymentPostprocessing = 0;
		};
/* End PBXResourcesBuildPhase section */

/* Begin PBXShellScriptBuildPhase section */
		73D1DA8397B5096D79DDF083 /* [CP] Check Pods Manifest.lock */ = {
			isa = PBXShellScriptBuildPhase;
			buildActionMask = 2147483647;
			files = (
			);
			inputFileListPaths = (
			);
			inputPaths = (
				"${PODS_PODFILE_DIR_PATH}/Podfile.lock",
				"${PODS_ROOT}/Manifest.lock",
			);
			name = "[CP] Check Pods Manifest.lock";
			outputFileListPaths = (
			);
			outputPaths = (
				"$(DERIVED_FILE_DIR)/Pods-client-checkManifestLockResult.txt",
			);
			runOnlyForDeploymentPostprocessing = 0;
			shellPath = /bin/sh;
			shellScript = "diff \"${PODS_PODFILE_DIR_PATH}/Podfile.lock\" \"${PODS_ROOT}/Manifest.lock\" > /dev/null\nif [ $? != 0 ] ; then\n    # print error to STDERR\n    echo \"error: The sandbox is not in sync with the Podfile.lock. Run 'pod install' or update your CocoaPods installation.\" >&2\n    exit 1\nfi\n# This output is used by Xcode 'outputs' to avoid re-running this script phase.\necho \"SUCCESS\" > \"${SCRIPT_OUTPUT_FILE_0}\"\n";
			showEnvVarsInLog = 0;
		};
		F66E17DA9AB98902604B2AE8 /* [CP] Embed Pods Frameworks */ = {
			isa = PBXShellScriptBuildPhase;
			buildActionMask = 2147483647;
			files = (
			);
			inputFileListPaths = (
				"${PODS_ROOT}/Target Support Files/Pods-client/Pods-client-frameworks-${CONFIGURATION}-input-files.xcfilelist",
			);
			name = "[CP] Embed Pods Frameworks";
			outputFileListPaths = (
				"${PODS_ROOT}/Target Support Files/Pods-client/Pods-client-frameworks-${CONFIGURATION}-output-files.xcfilelist",
			);
			runOnlyForDeploymentPostprocessing = 0;
			shellPath = /bin/sh;
			shellScript = "\"${PODS_ROOT}/Target Support Files/Pods-client/Pods-client-frameworks.sh\"\n";
			showEnvVarsInLog = 0;
		};
/* End PBXShellScriptBuildPhase section */

/* Begin PBXSourcesBuildPhase section */
		149F4CC5238A363900F292C8 /* Sources */ = {
			isa = PBXSourcesBuildPhase;
			buildActionMask = 2147483647;
			files = (
				149F4CD1238A363900F292C8 /* ViewController.swift in Sources */,
				14151F2323924B6D005ED59E /* ChatCell.swift in Sources */,
				149F4CCD238A363900F292C8 /* AppDelegate.swift in Sources */,
				14151F2723925D89005ED59E /* NewViewController.swift in Sources */,
				14151F25239252B4005ED59E /* Content.swift in Sources */,
				149F4CCF238A363900F292C8 /* SceneDelegate.swift in Sources */,
			);
			runOnlyForDeploymentPostprocessing = 0;
		};
/* End PBXSourcesBuildPhase section */

/* Begin PBXVariantGroup section */
		149F4CD2238A363900F292C8 /* Main.storyboard */ = {
			isa = PBXVariantGroup;
			children = (
				149F4CD3238A363900F292C8 /* Base */,
			);
			name = Main.storyboard;
			sourceTree = "<group>";
		};
		149F4CD7238A363C00F292C8 /* LaunchScreen.storyboard */ = {
			isa = PBXVariantGroup;
			children = (
				149F4CD8238A363C00F292C8 /* Base */,
			);
			name = LaunchScreen.storyboard;
			sourceTree = "<group>";
		};
/* End PBXVariantGroup section */

/* Begin XCBuildConfiguration section */
		149F4CDB238A363C00F292C8 /* Debug */ = {
			isa = XCBuildConfiguration;
			buildSettings = {
				ALWAYS_SEARCH_USER_PATHS = NO;
				CLANG_ANALYZER_NONNULL = YES;
				CLANG_ANALYZER_NUMBER_OBJECT_CONVERSION = YES_AGGRESSIVE;
				CLANG_CXX_LANGUAGE_STANDARD = "gnu++14";
				CLANG_CXX_LIBRARY = "libc++";
				CLANG_ENABLE_MODULES = YES;
				CLANG_ENABLE_OBJC_ARC = YES;
				CLANG_ENABLE_OBJC_WEAK = YES;
				CLANG_WARN_BLOCK_CAPTURE_AUTORELEASING = YES;
				CLANG_WARN_BOOL_CONVERSION = YES;
				CLANG_WARN_COMMA = YES;
				CLANG_WARN_CONSTANT_CONVERSION = YES;
				CLANG_WARN_DEPRECATED_OBJC_IMPLEMENTATIONS = YES;
				CLANG_WARN_DIRECT_OBJC_ISA_USAGE = YES_ERROR;
				CLANG_WARN_DOCUMENTATION_COMMENTS = YES;
				CLANG_WARN_EMPTY_BODY = YES;
				CLANG_WARN_ENUM_CONVERSION = YES;
				CLANG_WARN_INFINITE_RECURSION = YES;
				CLANG_WARN_INT_CONVERSION = YES;
				CLANG_WARN_NON_LITERAL_NULL_CONVERSION = YES;
				CLANG_WARN_OBJC_IMPLICIT_RETAIN_SELF = YES;
				CLANG_WARN_OBJC_LITERAL_CONVERSION = YES;
				CLANG_WARN_OBJC_ROOT_CLASS = YES_ERROR;
				CLANG_WARN_RANGE_LOOP_ANALYSIS = YES;
				CLANG_WARN_STRICT_PROTOTYPES = YES;
				CLANG_WARN_SUSPICIOUS_MOVE = YES;
				CLANG_WARN_UNGUARDED_AVAILABILITY = YES_AGGRESSIVE;
				CLANG_WARN_UNREACHABLE_CODE = YES;
				CLANG_WARN__DUPLICATE_METHOD_MATCH = YES;
				COPY_PHASE_STRIP = NO;
				DEBUG_INFORMATION_FORMAT = dwarf;
				ENABLE_STRICT_OBJC_MSGSEND = YES;
				ENABLE_TESTABILITY = YES;
				GCC_C_LANGUAGE_STANDARD = gnu11;
				GCC_DYNAMIC_NO_PIC = NO;
				GCC_NO_COMMON_BLOCKS = YES;
				GCC_OPTIMIZATION_LEVEL = 0;
				GCC_PREPROCESSOR_DEFINITIONS = (
					"DEBUG=1",
					"$(inherited)",
				);
				GCC_WARN_64_TO_32_BIT_CONVERSION = YES;
				GCC_WARN_ABOUT_RETURN_TYPE = YES_ERROR;
				GCC_WARN_UNDECLARED_SELECTOR = YES;
				GCC_WARN_UNINITIALIZED_AUTOS = YES_AGGRESSIVE;
				GCC_WARN_UNUSED_FUNCTION = YES;
				GCC_WARN_UNUSED_VARIABLE = YES;
				IPHONEOS_DEPLOYMENT_TARGET = 13.0;
				MTL_ENABLE_DEBUG_INFO = INCLUDE_SOURCE;
				MTL_FAST_MATH = YES;
				ONLY_ACTIVE_ARCH = YES;
				SDKROOT = iphoneos;
				SWIFT_ACTIVE_COMPILATION_CONDITIONS = DEBUG;
				SWIFT_OPTIMIZATION_LEVEL = "-Onone";
			};
			name = Debug;
		};
		149F4CDC238A363C00F292C8 /* Release */ = {
			isa = XCBuildConfiguration;
			buildSettings = {
				ALWAYS_SEARCH_USER_PATHS = NO;
				CLANG_ANALYZER_NONNULL = YES;
				CLANG_ANALYZER_NUMBER_OBJECT_CONVERSION = YES_AGGRESSIVE;
				CLANG_CXX_LANGUAGE_STANDARD = "gnu++14";
				CLANG_CXX_LIBRARY = "libc++";
				CLANG_ENABLE_MODULES = YES;
				CLANG_ENABLE_OBJC_ARC = YES;
				CLANG_ENABLE_OBJC_WEAK = YES;
				CLANG_WARN_BLOCK_CAPTURE_AUTORELEASING = YES;
				CLANG_WARN_BOOL_CONVERSION = YES;
				CLANG_WARN_COMMA = YES;
				CLANG_WARN_CONSTANT_CONVERSION = YES;
				CLANG_WARN_DEPRECATED_OBJC_IMPLEMENTATIONS = YES;
				CLANG_WARN_DIRECT_OBJC_ISA_USAGE = YES_ERROR;
				CLANG_WARN_DOCUMENTATION_COMMENTS = YES;
				CLANG_WARN_EMPTY_BODY = YES;
				CLANG_WARN_ENUM_CONVERSION = YES;
				CLANG_WARN_INFINITE_RECURSION = YES;
				CLANG_WARN_INT_CONVERSION = YES;
				CLANG_WARN_NON_LITERAL_NULL_CONVERSION = YES;
				CLANG_WARN_OBJC_IMPLICIT_RETAIN_SELF = YES;
				CLANG_WARN_OBJC_LITERAL_CONVERSION = YES;
				CLANG_WARN_OBJC_ROOT_CLASS = YES_ERROR;
				CLANG_WARN_RANGE_LOOP_ANALYSIS = YES;
				CLANG_WARN_STRICT_PROTOTYPES = YES;
				CLANG_WARN_SUSPICIOUS_MOVE = YES;
				CLANG_WARN_UNGUARDED_AVAILABILITY = YES_AGGRESSIVE;
				CLANG_WARN_UNREACHABLE_CODE = YES;
				CLANG_WARN__DUPLICATE_METHOD_MATCH = YES;
				COPY_PHASE_STRIP = NO;
				DEBUG_INFORMATION_FORMAT = "dwarf-with-dsym";
				ENABLE_NS_ASSERTIONS = NO;
				ENABLE_STRICT_OBJC_MSGSEND = YES;
				GCC_C_LANGUAGE_STANDARD = gnu11;
				GCC_NO_COMMON_BLOCKS = YES;
				GCC_WARN_64_TO_32_BIT_CONVERSION = YES;
				GCC_WARN_ABOUT_RETURN_TYPE = YES_ERROR;
				GCC_WARN_UNDECLARED_SELECTOR = YES;
				GCC_WARN_UNINITIALIZED_AUTOS = YES_AGGRESSIVE;
				GCC_WARN_UNUSED_FUNCTION = YES;
				GCC_WARN_UNUSED_VARIABLE = YES;
				IPHONEOS_DEPLOYMENT_TARGET = 13.0;
				MTL_ENABLE_DEBUG_INFO = NO;
				MTL_FAST_MATH = YES;
				SDKROOT = iphoneos;
				SWIFT_COMPILATION_MODE = wholemodule;
				SWIFT_OPTIMIZATION_LEVEL = "-O";
				VALIDATE_PRODUCT = YES;
			};
			name = Release;
		};
		149F4CDE238A363C00F292C8 /* Debug */ = {
			isa = XCBuildConfiguration;
			baseConfigurationReference = 70C5176E3FC74B13D35051AE /* Pods-client.debug.xcconfig */;
			buildSettings = {
				ASSETCATALOG_COMPILER_APPICON_NAME = AppIcon;
				CODE_SIGN_STYLE = Automatic;
				DEVELOPMENT_TEAM = FV5F9B54Q7;
				INFOPLIST_FILE = client/Info.plist;
				LD_RUNPATH_SEARCH_PATHS = (
					"$(inherited)",
					"@executable_path/Frameworks",
				);
				PRODUCT_BUNDLE_IDENTIFIER = com.mrQ..client;
				PRODUCT_NAME = "$(TARGET_NAME)";
				SWIFT_VERSION = 5.0;
				TARGETED_DEVICE_FAMILY = "1,2";
			};
			name = Debug;
		};
		149F4CDF238A363C00F292C8 /* Release */ = {
			isa = XCBuildConfiguration;
			baseConfigurationReference = 65899302D23FD97A1B49780E /* Pods-client.release.xcconfig */;
			buildSettings = {
				ASSETCATALOG_COMPILER_APPICON_NAME = AppIcon;
				CODE_SIGN_STYLE = Automatic;
				DEVELOPMENT_TEAM = FV5F9B54Q7;
				INFOPLIST_FILE = client/Info.plist;
				LD_RUNPATH_SEARCH_PATHS = (
					"$(inherited)",
					"@executable_path/Frameworks",
				);
				PRODUCT_BUNDLE_IDENTIFIER = com.mrQ..client;
				PRODUCT_NAME = "$(TARGET_NAME)";
				SWIFT_VERSION = 5.0;
				TARGETED_DEVICE_FAMILY = "1,2";
			};
			name = Release;
		};
/* End XCBuildConfiguration section */

/* Begin XCConfigurationList section */
		149F4CC4238A363900F292C8 /* Build configuration list for PBXProject "client" */ = {
			isa = XCConfigurationList;
			buildConfigurations = (
				149F4CDB238A363C00F292C8 /* Debug */,
				149F4CDC238A363C00F292C8 /* Release */,
			);
			defaultConfigurationIsVisible = 0;
			defaultConfigurationName = Release;
		};
		149F4CDD238A363C00F292C8 /* Build configuration list for PBXNativeTarget "client" */ = {
			isa = XCConfigurationList;
			buildConfigurations = (
				149F4CDE238A363C00F292C8 /* Debug */,
				149F4CDF238A363C00F292C8 /* Release */,
			);
			defaultConfigurationIsVisible = 0;
			defaultConfigurationName = Release;
		};
/* End XCConfigurationList section */
	};
	rootObject = 149F4CC1238A363900F292C8 /* Project object */;
}
