// !$*UTF8*$!
{
	archiveVersion = 1;
	classes = {
	};
	objectVersion = 51;
	objects = {

/* Begin PBXBuildFile section */
		1417AEFE2380EB7800881D89 /* AppDelegate.swift in Sources */ = {isa = PBXBuildFile; fileRef = 1417AEFD2380EB7800881D89 /* AppDelegate.swift */; };
		1417AF002380EB7800881D89 /* SceneDelegate.swift in Sources */ = {isa = PBXBuildFile; fileRef = 1417AEFF2380EB7800881D89 /* SceneDelegate.swift */; };
		1417AF022380EB7800881D89 /* ViewController.swift in Sources */ = {isa = PBXBuildFile; fileRef = 1417AF012380EB7800881D89 /* ViewController.swift */; };
		1417AF052380EB7800881D89 /* Main.storyboard in Resources */ = {isa = PBXBuildFile; fileRef = 1417AF032380EB7800881D89 /* Main.storyboard */; };
		1417AF072380EB7A00881D89 /* Assets.xcassets in Resources */ = {isa = PBXBuildFile; fileRef = 1417AF062380EB7A00881D89 /* Assets.xcassets */; };
		1417AF0A2380EB7A00881D89 /* LaunchScreen.storyboard in Resources */ = {isa = PBXBuildFile; fileRef = 1417AF082380EB7A00881D89 /* LaunchScreen.storyboard */; };
		14B11BD3238921900046396F /* ImageItemCell.swift in Sources */ = {isa = PBXBuildFile; fileRef = 14B11BD2238921900046396F /* ImageItemCell.swift */; };
		14B11BD52389257F0046396F /* Helper.swift in Sources */ = {isa = PBXBuildFile; fileRef = 14B11BD42389257F0046396F /* Helper.swift */; };
		14C9C91B23882E8B0076D956 /* RequestService.swift in Sources */ = {isa = PBXBuildFile; fileRef = 14C9C91A23882E8B0076D956 /* RequestService.swift */; };
		14C9C91D238838D60076D956 /* Model.swift in Sources */ = {isa = PBXBuildFile; fileRef = 14C9C91C238838D60076D956 /* Model.swift */; };
		7FD746B86F3B63AC0590D8B4 /* Pods_client.framework in Frameworks */ = {isa = PBXBuildFile; fileRef = 4FBC766D4CFE58DBFC9A26BD /* Pods_client.framework */; };
/* End PBXBuildFile section */

/* Begin PBXFileReference section */
		1417AEFA2380EB7800881D89 /* client.app */ = {isa = PBXFileReference; explicitFileType = wrapper.application; includeInIndex = 0; path = client.app; sourceTree = BUILT_PRODUCTS_DIR; };
		1417AEFD2380EB7800881D89 /* AppDelegate.swift */ = {isa = PBXFileReference; lastKnownFileType = sourcecode.swift; path = AppDelegate.swift; sourceTree = "<group>"; };
		1417AEFF2380EB7800881D89 /* SceneDelegate.swift */ = {isa = PBXFileReference; lastKnownFileType = sourcecode.swift; path = SceneDelegate.swift; sourceTree = "<group>"; };
		1417AF012380EB7800881D89 /* ViewController.swift */ = {isa = PBXFileReference; lastKnownFileType = sourcecode.swift; path = ViewController.swift; sourceTree = "<group>"; };
		1417AF042380EB7800881D89 /* Base */ = {isa = PBXFileReference; lastKnownFileType = file.storyboard; name = Base; path = Base.lproj/Main.storyboard; sourceTree = "<group>"; };
		1417AF062380EB7A00881D89 /* Assets.xcassets */ = {isa = PBXFileReference; lastKnownFileType = folder.assetcatalog; path = Assets.xcassets; sourceTree = "<group>"; };
		1417AF092380EB7A00881D89 /* Base */ = {isa = PBXFileReference; lastKnownFileType = file.storyboard; name = Base; path = Base.lproj/LaunchScreen.storyboard; sourceTree = "<group>"; };
		1417AF0B2380EB7A00881D89 /* Info.plist */ = {isa = PBXFileReference; lastKnownFileType = text.plist.xml; path = Info.plist; sourceTree = "<group>"; };
		14B11BD2238921900046396F /* ImageItemCell.swift */ = {isa = PBXFileReference; lastKnownFileType = sourcecode.swift; path = ImageItemCell.swift; sourceTree = "<group>"; };
		14B11BD42389257F0046396F /* Helper.swift */ = {isa = PBXFileReference; lastKnownFileType = sourcecode.swift; path = Helper.swift; sourceTree = "<group>"; };
		14C9C91A23882E8B0076D956 /* RequestService.swift */ = {isa = PBXFileReference; lastKnownFileType = sourcecode.swift; path = RequestService.swift; sourceTree = "<group>"; };
		14C9C91C238838D60076D956 /* Model.swift */ = {isa = PBXFileReference; lastKnownFileType = sourcecode.swift; path = Model.swift; sourceTree = "<group>"; };
		4E01A5755228A24F260F6BD1 /* Pods-client.debug.xcconfig */ = {isa = PBXFileReference; includeInIndex = 1; lastKnownFileType = text.xcconfig; name = "Pods-client.debug.xcconfig"; path = "Target Support Files/Pods-client/Pods-client.debug.xcconfig"; sourceTree = "<group>"; };
		4FBC766D4CFE58DBFC9A26BD /* Pods_client.framework */ = {isa = PBXFileReference; explicitFileType = wrapper.framework; includeInIndex = 0; path = Pods_client.framework; sourceTree = BUILT_PRODUCTS_DIR; };
		FCDA6D0CA01D83FF24D3E2A3 /* Pods-client.release.xcconfig */ = {isa = PBXFileReference; includeInIndex = 1; lastKnownFileType = text.xcconfig; name = "Pods-client.release.xcconfig"; path = "Target Support Files/Pods-client/Pods-client.release.xcconfig"; sourceTree = "<group>"; };
/* End PBXFileReference section */

/* Begin PBXFrameworksBuildPhase section */
		1417AEF72380EB7800881D89 /* Frameworks */ = {
			isa = PBXFrameworksBuildPhase;
			buildActionMask = 2147483647;
			files = (
				7FD746B86F3B63AC0590D8B4 /* Pods_client.framework in Frameworks */,
			);
			runOnlyForDeploymentPostprocessing = 0;
		};
/* End PBXFrameworksBuildPhase section */

/* Begin PBXGroup section */
		064B3711E87106B08A4B2515 /* Frameworks */ = {
			isa = PBXGroup;
			children = (
				4FBC766D4CFE58DBFC9A26BD /* Pods_client.framework */,
			);
			name = Frameworks;
			sourceTree = "<group>";
		};
		1417AEF12380EB7800881D89 = {
			isa = PBXGroup;
			children = (
				1417AEFC2380EB7800881D89 /* client */,
				1417AEFB2380EB7800881D89 /* Products */,
				AE2AA34A2355351919648E98 /* Pods */,
				064B3711E87106B08A4B2515 /* Frameworks */,
			);
			sourceTree = "<group>";
		};
		1417AEFB2380EB7800881D89 /* Products */ = {
			isa = PBXGroup;
			children = (
				1417AEFA2380EB7800881D89 /* client.app */,
			);
			name = Products;
			sourceTree = "<group>";
		};
		1417AEFC2380EB7800881D89 /* client */ = {
			isa = PBXGroup;
			children = (
				1417AEFD2380EB7800881D89 /* AppDelegate.swift */,
				1417AEFF2380EB7800881D89 /* SceneDelegate.swift */,
				14C9C91A23882E8B0076D956 /* RequestService.swift */,
				14C9C91C238838D60076D956 /* Model.swift */,
				1417AF012380EB7800881D89 /* ViewController.swift */,
				14B11BD2238921900046396F /* ImageItemCell.swift */,
				14B11BD42389257F0046396F /* Helper.swift */,
				1417AF032380EB7800881D89 /* Main.storyboard */,
				1417AF062380EB7A00881D89 /* Assets.xcassets */,
				1417AF082380EB7A00881D89 /* LaunchScreen.storyboard */,
				1417AF0B2380EB7A00881D89 /* Info.plist */,
			);
			path = client;
			sourceTree = "<group>";
		};
		AE2AA34A2355351919648E98 /* Pods */ = {
			isa = PBXGroup;
			children = (
				4E01A5755228A24F260F6BD1 /* Pods-client.debug.xcconfig */,
				FCDA6D0CA01D83FF24D3E2A3 /* Pods-client.release.xcconfig */,
			);
			path = Pods;
			sourceTree = "<group>";
		};
/* End PBXGroup section */

/* Begin PBXNativeTarget section */
		1417AEF92380EB7800881D89 /* client */ = {
			isa = PBXNativeTarget;
			buildConfigurationList = 1417AF0E2380EB7A00881D89 /* Build configuration list for PBXNativeTarget "client" */;
			buildPhases = (
				18463AF748269798EF18B2A2 /* [CP] Check Pods Manifest.lock */,
				1417AEF62380EB7800881D89 /* Sources */,
				1417AEF72380EB7800881D89 /* Frameworks */,
				1417AEF82380EB7800881D89 /* Resources */,
				23DA164D96A467A76D9975EC /* [CP] Embed Pods Frameworks */,
			);
			buildRules = (
			);
			dependencies = (
			);
			name = client;
			productName = client;
			productReference = 1417AEFA2380EB7800881D89 /* client.app */;
			productType = "com.apple.product-type.application";
		};
/* End PBXNativeTarget section */

/* Begin PBXProject section */
		1417AEF22380EB7800881D89 /* Project object */ = {
			isa = PBXProject;
			attributes = {
				LastSwiftUpdateCheck = 1100;
				LastUpgradeCheck = 1100;
				ORGANIZATIONNAME = QuanNguyen;
				TargetAttributes = {
					1417AEF92380EB7800881D89 = {
						CreatedOnToolsVersion = 11.0;
					};
				};
			};
			buildConfigurationList = 1417AEF52380EB7800881D89 /* Build configuration list for PBXProject "client" */;
			compatibilityVersion = "Xcode 9.3";
			developmentRegion = en;
			hasScannedForEncodings = 0;
			knownRegions = (
				en,
				Base,
			);
			mainGroup = 1417AEF12380EB7800881D89;
			productRefGroup = 1417AEFB2380EB7800881D89 /* Products */;
			projectDirPath = "";
			projectRoot = "";
			targets = (
				1417AEF92380EB7800881D89 /* client */,
			);
		};
/* End PBXProject section */

/* Begin PBXResourcesBuildPhase section */
		1417AEF82380EB7800881D89 /* Resources */ = {
			isa = PBXResourcesBuildPhase;
			buildActionMask = 2147483647;
			files = (
				1417AF0A2380EB7A00881D89 /* LaunchScreen.storyboard in Resources */,
				1417AF072380EB7A00881D89 /* Assets.xcassets in Resources */,
				1417AF052380EB7800881D89 /* Main.storyboard in Resources */,
			);
			runOnlyForDeploymentPostprocessing = 0;
		};
/* End PBXResourcesBuildPhase section */

/* Begin PBXShellScriptBuildPhase section */
		18463AF748269798EF18B2A2 /* [CP] Check Pods Manifest.lock */ = {
			isa = PBXShellScriptBuildPhase;
			buildActionMask = 2147483647;
			files = (
			);
			inputFileListPaths = (
			);
			inputPaths = (
				"${PODS_PODFILE_DIR_PATH}/Podfile.lock",
				"${PODS_ROOT}/Manifest.lock",
			);
			name = "[CP] Check Pods Manifest.lock";
			outputFileListPaths = (
			);
			outputPaths = (
				"$(DERIVED_FILE_DIR)/Pods-client-checkManifestLockResult.txt",
			);
			runOnlyForDeploymentPostprocessing = 0;
			shellPath = /bin/sh;
			shellScript = "diff \"${PODS_PODFILE_DIR_PATH}/Podfile.lock\" \"${PODS_ROOT}/Manifest.lock\" > /dev/null\nif [ $? != 0 ] ; then\n    # print error to STDERR\n    echo \"error: The sandbox is not in sync with the Podfile.lock. Run 'pod install' or update your CocoaPods installation.\" >&2\n    exit 1\nfi\n# This output is used by Xcode 'outputs' to avoid re-running this script phase.\necho \"SUCCESS\" > \"${SCRIPT_OUTPUT_FILE_0}\"\n";
			showEnvVarsInLog = 0;
		};
		23DA164D96A467A76D9975EC /* [CP] Embed Pods Frameworks */ = {
			isa = PBXShellScriptBuildPhase;
			buildActionMask = 2147483647;
			files = (
			);
			inputFileListPaths = (
				"${PODS_ROOT}/Target Support Files/Pods-client/Pods-client-frameworks-${CONFIGURATION}-input-files.xcfilelist",
			);
			name = "[CP] Embed Pods Frameworks";
			outputFileListPaths = (
				"${PODS_ROOT}/Target Support Files/Pods-client/Pods-client-frameworks-${CONFIGURATION}-output-files.xcfilelist",
			);
			runOnlyForDeploymentPostprocessing = 0;
			shellPath = /bin/sh;
			shellScript = "\"${PODS_ROOT}/Target Support Files/Pods-client/Pods-client-frameworks.sh\"\n";
			showEnvVarsInLog = 0;
		};
/* End PBXShellScriptBuildPhase section */

/* Begin PBXSourcesBuildPhase section */
		1417AEF62380EB7800881D89 /* Sources */ = {
			isa = PBXSourcesBuildPhase;
			buildActionMask = 2147483647;
			files = (
				14C9C91B23882E8B0076D956 /* RequestService.swift in Sources */,
				14B11BD52389257F0046396F /* Helper.swift in Sources */,
				1417AF022380EB7800881D89 /* ViewController.swift in Sources */,
				14B11BD3238921900046396F /* ImageItemCell.swift in Sources */,
				1417AEFE2380EB7800881D89 /* AppDelegate.swift in Sources */,
				1417AF002380EB7800881D89 /* SceneDelegate.swift in Sources */,
				14C9C91D238838D60076D956 /* Model.swift in Sources */,
			);
			runOnlyForDeploymentPostprocessing = 0;
		};
/* End PBXSourcesBuildPhase section */

/* Begin PBXVariantGroup section */
		1417AF032380EB7800881D89 /* Main.storyboard */ = {
			isa = PBXVariantGroup;
			children = (
				1417AF042380EB7800881D89 /* Base */,
			);
			name = Main.storyboard;
			sourceTree = "<group>";
		};
		1417AF082380EB7A00881D89 /* LaunchScreen.storyboard */ = {
			isa = PBXVariantGroup;
			children = (
				1417AF092380EB7A00881D89 /* Base */,
			);
			name = LaunchScreen.storyboard;
			sourceTree = "<group>";
		};
/* End PBXVariantGroup section */

/* Begin XCBuildConfiguration section */
		1417AF0C2380EB7A00881D89 /* Debug */ = {
			isa = XCBuildConfiguration;
			buildSettings = {
				ALWAYS_SEARCH_USER_PATHS = NO;
				CLANG_ANALYZER_NONNULL = YES;
				CLANG_ANALYZER_NUMBER_OBJECT_CONVERSION = YES_AGGRESSIVE;
				CLANG_CXX_LANGUAGE_STANDARD = "gnu++14";
				CLANG_CXX_LIBRARY = "libc++";
				CLANG_ENABLE_MODULES = YES;
				CLANG_ENABLE_OBJC_ARC = YES;
				CLANG_ENABLE_OBJC_WEAK = YES;
				CLANG_WARN_BLOCK_CAPTURE_AUTORELEASING = YES;
				CLANG_WARN_BOOL_CONVERSION = YES;
				CLANG_WARN_COMMA = YES;
				CLANG_WARN_CONSTANT_CONVERSION = YES;
				CLANG_WARN_DEPRECATED_OBJC_IMPLEMENTATIONS = YES;
				CLANG_WARN_DIRECT_OBJC_ISA_USAGE = YES_ERROR;
				CLANG_WARN_DOCUMENTATION_COMMENTS = YES;
				CLANG_WARN_EMPTY_BODY = YES;
				CLANG_WARN_ENUM_CONVERSION = YES;
				CLANG_WARN_INFINITE_RECURSION = YES;
				CLANG_WARN_INT_CONVERSION = YES;
				CLANG_WARN_NON_LITERAL_NULL_CONVERSION = YES;
				CLANG_WARN_OBJC_IMPLICIT_RETAIN_SELF = YES;
				CLANG_WARN_OBJC_LITERAL_CONVERSION = YES;
				CLANG_WARN_OBJC_ROOT_CLASS = YES_ERROR;
				CLANG_WARN_RANGE_LOOP_ANALYSIS = YES;
				CLANG_WARN_STRICT_PROTOTYPES = YES;
				CLANG_WARN_SUSPICIOUS_MOVE = YES;
				CLANG_WARN_UNGUARDED_AVAILABILITY = YES_AGGRESSIVE;
				CLANG_WARN_UNREACHABLE_CODE = YES;
				CLANG_WARN__DUPLICATE_METHOD_MATCH = YES;
				COPY_PHASE_STRIP = NO;
				DEBUG_INFORMATION_FORMAT = dwarf;
				ENABLE_STRICT_OBJC_MSGSEND = YES;
				ENABLE_TESTABILITY = YES;
				GCC_C_LANGUAGE_STANDARD = gnu11;
				GCC_DYNAMIC_NO_PIC = NO;
				GCC_NO_COMMON_BLOCKS = YES;
				GCC_OPTIMIZATION_LEVEL = 0;
				GCC_PREPROCESSOR_DEFINITIONS = (
					"DEBUG=1",
					"$(inherited)",
				);
				GCC_WARN_64_TO_32_BIT_CONVERSION = YES;
				GCC_WARN_ABOUT_RETURN_TYPE = YES_ERROR;
				GCC_WARN_UNDECLARED_SELECTOR = YES;
				GCC_WARN_UNINITIALIZED_AUTOS = YES_AGGRESSIVE;
				GCC_WARN_UNUSED_FUNCTION = YES;
				GCC_WARN_UNUSED_VARIABLE = YES;
				IPHONEOS_DEPLOYMENT_TARGET = 13.0;
				MTL_ENABLE_DEBUG_INFO = INCLUDE_SOURCE;
				MTL_FAST_MATH = YES;
				ONLY_ACTIVE_ARCH = YES;
				SDKROOT = iphoneos;
				SWIFT_ACTIVE_COMPILATION_CONDITIONS = DEBUG;
				SWIFT_OPTIMIZATION_LEVEL = "-Onone";
			};
			name = Debug;
		};
		1417AF0D2380EB7A00881D89 /* Release */ = {
			isa = XCBuildConfiguration;
			buildSettings = {
				ALWAYS_SEARCH_USER_PATHS = NO;
				CLANG_ANALYZER_NONNULL = YES;
				CLANG_ANALYZER_NUMBER_OBJECT_CONVERSION = YES_AGGRESSIVE;
				CLANG_CXX_LANGUAGE_STANDARD = "gnu++14";
				CLANG_CXX_LIBRARY = "libc++";
				CLANG_ENABLE_MODULES = YES;
				CLANG_ENABLE_OBJC_ARC = YES;
				CLANG_ENABLE_OBJC_WEAK = YES;
				CLANG_WARN_BLOCK_CAPTURE_AUTORELEASING = YES;
				CLANG_WARN_BOOL_CONVERSION = YES;
				CLANG_WARN_COMMA = YES;
				CLANG_WARN_CONSTANT_CONVERSION = YES;
				CLANG_WARN_DEPRECATED_OBJC_IMPLEMENTATIONS = YES;
				CLANG_WARN_DIRECT_OBJC_ISA_USAGE = YES_ERROR;
				CLANG_WARN_DOCUMENTATION_COMMENTS = YES;
				CLANG_WARN_EMPTY_BODY = YES;
				CLANG_WARN_ENUM_CONVERSION = YES;
				CLANG_WARN_INFINITE_RECURSION = YES;
				CLANG_WARN_INT_CONVERSION = YES;
				CLANG_WARN_NON_LITERAL_NULL_CONVERSION = YES;
				CLANG_WARN_OBJC_IMPLICIT_RETAIN_SELF = YES;
				CLANG_WARN_OBJC_LITERAL_CONVERSION = YES;
				CLANG_WARN_OBJC_ROOT_CLASS = YES_ERROR;
				CLANG_WARN_RANGE_LOOP_ANALYSIS = YES;
				CLANG_WARN_STRICT_PROTOTYPES = YES;
				CLANG_WARN_SUSPICIOUS_MOVE = YES;
				CLANG_WARN_UNGUARDED_AVAILABILITY = YES_AGGRESSIVE;
				CLANG_WARN_UNREACHABLE_CODE = YES;
				CLANG_WARN__DUPLICATE_METHOD_MATCH = YES;
				COPY_PHASE_STRIP = NO;
				DEBUG_INFORMATION_FORMAT = "dwarf-with-dsym";
				ENABLE_NS_ASSERTIONS = NO;
				ENABLE_STRICT_OBJC_MSGSEND = YES;
				GCC_C_LANGUAGE_STANDARD = gnu11;
				GCC_NO_COMMON_BLOCKS = YES;
				GCC_WARN_64_TO_32_BIT_CONVERSION = YES;
				GCC_WARN_ABOUT_RETURN_TYPE = YES_ERROR;
				GCC_WARN_UNDECLARED_SELECTOR = YES;
				GCC_WARN_UNINITIALIZED_AUTOS = YES_AGGRESSIVE;
				GCC_WARN_UNUSED_FUNCTION = YES;
				GCC_WARN_UNUSED_VARIABLE = YES;
				IPHONEOS_DEPLOYMENT_TARGET = 13.0;
				MTL_ENABLE_DEBUG_INFO = NO;
				MTL_FAST_MATH = YES;
				SDKROOT = iphoneos;
				SWIFT_COMPILATION_MODE = wholemodule;
				SWIFT_OPTIMIZATION_LEVEL = "-O";
				VALIDATE_PRODUCT = YES;
			};
			name = Release;
		};
		1417AF0F2380EB7A00881D89 /* Debug */ = {
			isa = XCBuildConfiguration;
			baseConfigurationReference = 4E01A5755228A24F260F6BD1 /* Pods-client.debug.xcconfig */;
			buildSettings = {
				ASSETCATALOG_COMPILER_APPICON_NAME = AppIcon;
				CODE_SIGN_STYLE = Automatic;
				INFOPLIST_FILE = client/Info.plist;
				LD_RUNPATH_SEARCH_PATHS = (
					"$(inherited)",
					"@executable_path/Frameworks",
				);
				PRODUCT_BUNDLE_IDENTIFIER = com.mrQ..client;
				PRODUCT_NAME = "$(TARGET_NAME)";
				SWIFT_VERSION = 5.0;
				TARGETED_DEVICE_FAMILY = "1,2";
			};
			name = Debug;
		};
		1417AF102380EB7A00881D89 /* Release */ = {
			isa = XCBuildConfiguration;
			baseConfigurationReference = FCDA6D0CA01D83FF24D3E2A3 /* Pods-client.release.xcconfig */;
			buildSettings = {
				ASSETCATALOG_COMPILER_APPICON_NAME = AppIcon;
				CODE_SIGN_STYLE = Automatic;
				INFOPLIST_FILE = client/Info.plist;
				LD_RUNPATH_SEARCH_PATHS = (
					"$(inherited)",
					"@executable_path/Frameworks",
				);
				PRODUCT_BUNDLE_IDENTIFIER = com.mrQ..client;
				PRODUCT_NAME = "$(TARGET_NAME)";
				SWIFT_VERSION = 5.0;
				TARGETED_DEVICE_FAMILY = "1,2";
			};
			name = Release;
		};
/* End XCBuildConfiguration section */

/* Begin XCConfigurationList section */
		1417AEF52380EB7800881D89 /* Build configuration list for PBXProject "client" */ = {
			isa = XCConfigurationList;
			buildConfigurations = (
				1417AF0C2380EB7A00881D89 /* Debug */,
				1417AF0D2380EB7A00881D89 /* Release */,
			);
			defaultConfigurationIsVisible = 0;
			defaultConfigurationName = Release;
		};
		1417AF0E2380EB7A00881D89 /* Build configuration list for PBXNativeTarget "client" */ = {
			isa = XCConfigurationList;
			buildConfigurations = (
				1417AF0F2380EB7A00881D89 /* Debug */,
				1417AF102380EB7A00881D89 /* Release */,
			);
			defaultConfigurationIsVisible = 0;
			defaultConfigurationName = Release;
		};
/* End XCConfigurationList section */
	};
	rootObject = 1417AEF22380EB7800881D89 /* Project object */;
}
